
Microsoft Visual Studio Solution File, Format Version 12.00
# Visual Studio 15
VisualStudioVersion = 15.0.28010.2041
MinimumVisualStudioVersion = 10.0.40219.1
Project("{FAE04EC0-301F-11D3-BF4B-00C04F79EFBC}") = "L9_Practice", "L9_Practice\L9_Practice.csproj", "{AE232874-1984-403E-9615-4D0A32D0AE46}"
EndProject
Global
	GlobalSection(SolutionConfigurationPlatforms) = preSolution
		Debug|Any CPU = Debug|Any CPU
		Release|Any CPU = Release|Any CPU
	EndGlobalSection
	GlobalSection(ProjectConfigurationPlatforms) = postSolution
		{AE232874-1984-403E-9615-4D0A32D0AE46}.Debug|Any CPU.ActiveCfg = Debug|Any CPU
		{AE232874-1984-403E-9615-4D0A32D0AE46}.Debug|Any CPU.Build.0 = Debug|Any CPU
		{AE232874-1984-403E-9615-4D0A32D0AE46}.Release|Any CPU.ActiveCfg = Release|Any CPU
		{AE232874-1984-403E-9615-4D0A32D0AE46}.Release|Any CPU.Build.0 = Release|Any CPU
	EndGlobalSection
	GlobalSection(SolutionProperties) = preSolution
		HideSolutionNode = FALSE
	EndGlobalSection
	GlobalSection(ExtensibilityGlobals) = postSolution
		SolutionGuid = {55087A3C-BFD3-4FD2-9277-01E74F3ADCAD}
	EndGlobalSection
EndGlobal
